
Microsoft Visual Studio Solution File, Format Version 12.00
# Visual Studio 14
VisualStudioVersion = 14.0.24720.0
MinimumVisualStudioVersion = 10.0.40219.1
Project("{FAE04EC0-301F-11D3-BF4B-00C04F79EFBC}") = "MonkeyChat.Droid", "MonkeyChat.Droid\MonkeyChat.Droid.csproj", "{893FF4C4-01FB-44EF-9FB3-C6292CD2BB44}"
EndProject
Project("{FAE04EC0-301F-11D3-BF4B-00C04F79EFBC}") = "MonkeyChat.iOS", "MonkeyChat.iOS\MonkeyChat.iOS.csproj", "{FE589C2B-8B58-4002-B689-96704D6E4AE1}"
EndProject
Project("{FAE04EC0-301F-11D3-BF4B-00C04F79EFBC}") = "MonkeyChat", "MonkeyChat\MonkeyChat.csproj", "{89B93CC3-A680-4567-87D2-946B0112A928}"
EndProject
Global
	GlobalSection(SolutionConfigurationPlatforms) = preSolution
		Ad-Hoc|Any CPU = Ad-Hoc|Any CPU
		Ad-Hoc|ARM = Ad-Hoc|ARM
		Ad-Hoc|iPhone = Ad-Hoc|iPhone
		Ad-Hoc|iPhoneSimulator = Ad-Hoc|iPhoneSimulator
		Ad-Hoc|x64 = Ad-Hoc|x64
		Ad-Hoc|x86 = Ad-Hoc|x86
		AppStore|Any CPU = AppStore|Any CPU
		AppStore|ARM = AppStore|ARM
		AppStore|iPhone = AppStore|iPhone
		AppStore|iPhoneSimulator = AppStore|iPhoneSimulator
		AppStore|x64 = AppStore|x64
		AppStore|x86 = AppStore|x86
		Debug|Any CPU = Debug|Any CPU
		Debug|ARM = Debug|ARM
		Debug|iPhone = Debug|iPhone
		Debug|iPhoneSimulator = Debug|iPhoneSimulator
		Debug|x64 = Debug|x64
		Debug|x86 = Debug|x86
		Release|Any CPU = Release|Any CPU
		Release|ARM = Release|ARM
		Release|iPhone = Release|iPhone
		Release|iPhoneSimulator = Release|iPhoneSimulator
		Release|x64 = Release|x64
		Release|x86 = Release|x86
	EndGlobalSection
	GlobalSection(ProjectConfigurationPlatforms) = postSolution
		{893FF4C4-01FB-44EF-9FB3-C6292CD2BB44}.Ad-Hoc|Any CPU.ActiveCfg = Release|Any CPU
		{893FF4C4-01FB-44EF-9FB3-C6292CD2BB44}.Ad-Hoc|Any CPU.Build.0 = Release|Any CPU
		{893FF4C4-01FB-44EF-9FB3-C6292CD2BB44}.Ad-Hoc|Any CPU.Deploy.0 = Release|Any CPU
		{893FF4C4-01FB-44EF-9FB3-C6292CD2BB44}.Ad-Hoc|ARM.ActiveCfg = Release|Any CPU
		{893FF4C4-01FB-44EF-9FB3-C6292CD2BB44}.Ad-Hoc|ARM.Build.0 = Release|Any CPU
		{893FF4C4-01FB-44EF-9FB3-C6292CD2BB44}.Ad-Hoc|ARM.Deploy.0 = Release|Any CPU
		{893FF4C4-01FB-44EF-9FB3-C6292CD2BB44}.Ad-Hoc|iPhone.ActiveCfg = Release|Any CPU
		{893FF4C4-01FB-44EF-9FB3-C6292CD2BB44}.Ad-Hoc|iPhone.Build.0 = Release|Any CPU
		{893FF4C4-01FB-44EF-9FB3-C6292CD2BB44}.Ad-Hoc|iPhone.Deploy.0 = Release|Any CPU
		{893FF4C4-01FB-44EF-9FB3-C6292CD2BB44}.Ad-Hoc|iPhoneSimulator.ActiveCfg = Release|Any CPU
		{893FF4C4-01FB-44EF-9FB3-C6292CD2BB44}.Ad-Hoc|iPhoneSimulator.Build.0 = Release|Any CPU
		{893FF4C4-01FB-44EF-9FB3-C6292CD2BB44}.Ad-Hoc|iPhoneSimulator.Deploy.0 = Release|Any CPU
		{893FF4C4-01FB-44EF-9FB3-C6292CD2BB44}.Ad-Hoc|x64.ActiveCfg = Release|Any CPU
		{893FF4C4-01FB-44EF-9FB3-C6292CD2BB44}.Ad-Hoc|x64.Build.0 = Release|Any CPU
		{893FF4C4-01FB-44EF-9FB3-C6292CD2BB44}.Ad-Hoc|x64.Deploy.0 = Release|Any CPU
		{893FF4C4-01FB-44EF-9FB3-C6292CD2BB44}.Ad-Hoc|x86.ActiveCfg = Release|Any CPU
		{893FF4C4-01FB-44EF-9FB3-C6292CD2BB44}.Ad-Hoc|x86.Build.0 = Release|Any CPU
		{893FF4C4-01FB-44EF-9FB3-C6292CD2BB44}.Ad-Hoc|x86.Deploy.0 = Release|Any CPU
		{893FF4C4-01FB-44EF-9FB3-C6292CD2BB44}.AppStore|Any CPU.ActiveCfg = Release|Any CPU
		{893FF4C4-01FB-44EF-9FB3-C6292CD2BB44}.AppStore|Any CPU.Build.0 = Release|Any CPU
		{893FF4C4-01FB-44EF-9FB3-C6292CD2BB44}.AppStore|Any CPU.Deploy.0 = Release|Any CPU
		{893FF4C4-01FB-44EF-9FB3-C6292CD2BB44}.AppStore|ARM.ActiveCfg = Release|Any CPU
		{893FF4C4-01FB-44EF-9FB3-C6292CD2BB44}.AppStore|ARM.Build.0 = Release|Any CPU
		{893FF4C4-01FB-44EF-9FB3-C6292CD2BB44}.AppStore|ARM.Deploy.0 = Release|Any CPU
		{893FF4C4-01FB-44EF-9FB3-C6292CD2BB44}.AppStore|iPhone.ActiveCfg = Release|Any CPU
		{893FF4C4-01FB-44EF-9FB3-C6292CD2BB44}.AppStore|iPhone.Build.0 = Release|Any CPU
		{893FF4C4-01FB-44EF-9FB3-C6292CD2BB44}.AppStore|iPhone.Deploy.0 = Release|Any CPU
		{893FF4C4-01FB-44EF-9FB3-C6292CD2BB44}.AppStore|iPhoneSimulator.ActiveCfg = Release|Any CPU
		{893FF4C4-01FB-44EF-9FB3-C6292CD2BB44}.AppStore|iPhoneSimulator.Build.0 = Release|Any CPU
		{893FF4C4-01FB-44EF-9FB3-C6292CD2BB44}.AppStore|iPhoneSimulator.Deploy.0 = Release|Any CPU
		{893FF4C4-01FB-44EF-9FB3-C6292CD2BB44}.AppStore|x64.ActiveCfg = Release|Any CPU
		{893FF4C4-01FB-44EF-9FB3-C6292CD2BB44}.AppStore|x64.Build.0 = Release|Any CPU
		{893FF4C4-01FB-44EF-9FB3-C6292CD2BB44}.AppStore|x64.Deploy.0 = Release|Any CPU
		{893FF4C4-01FB-44EF-9FB3-C6292CD2BB44}.AppStore|x86.ActiveCfg = Release|Any CPU
		{893FF4C4-01FB-44EF-9FB3-C6292CD2BB44}.AppStore|x86.Build.0 = Release|Any CPU
		{893FF4C4-01FB-44EF-9FB3-C6292CD2BB44}.AppStore|x86.Deploy.0 = Release|Any CPU
		{893FF4C4-01FB-44EF-9FB3-C6292CD2BB44}.Debug|Any CPU.ActiveCfg = Debug|Any CPU
		{893FF4C4-01FB-44EF-9FB3-C6292CD2BB44}.Debug|Any CPU.Build.0 = Debug|Any CPU
		{893FF4C4-01FB-44EF-9FB3-C6292CD2BB44}.Debug|Any CPU.Deploy.0 = Debug|Any CPU
		{893FF4C4-01FB-44EF-9FB3-C6292CD2BB44}.Debug|ARM.ActiveCfg = Debug|Any CPU
		{893FF4C4-01FB-44EF-9FB3-C6292CD2BB44}.Debug|ARM.Build.0 = Debug|Any CPU
		{893FF4C4-01FB-44EF-9FB3-C6292CD2BB44}.Debug|ARM.Deploy.0 = Debug|Any CPU
		{893FF4C4-01FB-44EF-9FB3-C6292CD2BB44}.Debug|iPhone.ActiveCfg = Debug|Any CPU
		{893FF4C4-01FB-44EF-9FB3-C6292CD2BB44}.Debug|iPhone.Build.0 = Debug|Any CPU
		{893FF4C4-01FB-44EF-9FB3-C6292CD2BB44}.Debug|iPhone.Deploy.0 = Debug|Any CPU
		{893FF4C4-01FB-44EF-9FB3-C6292CD2BB44}.Debug|iPhoneSimulator.ActiveCfg = Debug|Any CPU
		{893FF4C4-01FB-44EF-9FB3-C6292CD2BB44}.Debug|iPhoneSimulator.Build.0 = Debug|Any CPU
		{893FF4C4-01FB-44EF-9FB3-C6292CD2BB44}.Debug|iPhoneSimulator.Deploy.0 = Debug|Any CPU
		{893FF4C4-01FB-44EF-9FB3-C6292CD2BB44}.Debug|x64.ActiveCfg = Debug|Any CPU
		{893FF4C4-01FB-44EF-9FB3-C6292CD2BB44}.Debug|x64.Build.0 = Debug|Any CPU
		{893FF4C4-01FB-44EF-9FB3-C6292CD2BB44}.Debug|x64.Deploy.0 = Debug|Any CPU
		{893FF4C4-01FB-44EF-9FB3-C6292CD2BB44}.Debug|x86.ActiveCfg = Debug|Any CPU
		{893FF4C4-01FB-44EF-9FB3-C6292CD2BB44}.Debug|x86.Build.0 = Debug|Any CPU
		{893FF4C4-01FB-44EF-9FB3-C6292CD2BB44}.Debug|x86.Deploy.0 = Debug|Any CPU
		{893FF4C4-01FB-44EF-9FB3-C6292CD2BB44}.Release|Any CPU.ActiveCfg = Release|Any CPU
		{893FF4C4-01FB-44EF-9FB3-C6292CD2BB44}.Release|Any CPU.Build.0 = Release|Any CPU
		{893FF4C4-01FB-44EF-9FB3-C6292CD2BB44}.Release|Any CPU.Deploy.0 = Release|Any CPU
		{893FF4C4-01FB-44EF-9FB3-C6292CD2BB44}.Release|ARM.ActiveCfg = Release|Any CPU
		{893FF4C4-01FB-44EF-9FB3-C6292CD2BB44}.Release|ARM.Build.0 = Release|Any CPU
		{893FF4C4-01FB-44EF-9FB3-C6292CD2BB44}.Release|ARM.Deploy.0 = Release|Any CPU
		{893FF4C4-01FB-44EF-9FB3-C6292CD2BB44}.Release|iPhone.ActiveCfg = Release|Any CPU
		{893FF4C4-01FB-44EF-9FB3-C6292CD2BB44}.Release|iPhone.Build.0 = Release|Any CPU
		{893FF4C4-01FB-44EF-9FB3-C6292CD2BB44}.Release|iPhone.Deploy.0 = Release|Any CPU
		{893FF4C4-01FB-44EF-9FB3-C6292CD2BB44}.Release|iPhoneSimulator.ActiveCfg = Release|Any CPU
		{893FF4C4-01FB-44EF-9FB3-C6292CD2BB44}.Release|iPhoneSimulator.Build.0 = Release|Any CPU
		{893FF4C4-01FB-44EF-9FB3-C6292CD2BB44}.Release|iPhoneSimulator.Deploy.0 = Release|Any CPU
		{893FF4C4-01FB-44EF-9FB3-C6292CD2BB44}.Release|x64.ActiveCfg = Release|Any CPU
		{893FF4C4-01FB-44EF-9FB3-C6292CD2BB44}.Release|x64.Build.0 = Release|Any CPU
		{893FF4C4-01FB-44EF-9FB3-C6292CD2BB44}.Release|x64.Deploy.0 = Release|Any CPU
		{893FF4C4-01FB-44EF-9FB3-C6292CD2BB44}.Release|x86.ActiveCfg = Release|Any CPU
		{893FF4C4-01FB-44EF-9FB3-C6292CD2BB44}.Release|x86.Build.0 = Release|Any CPU
		{893FF4C4-01FB-44EF-9FB3-C6292CD2BB44}.Release|x86.Deploy.0 = Release|Any CPU
		{FE589C2B-8B58-4002-B689-96704D6E4AE1}.Ad-Hoc|Any CPU.ActiveCfg = Ad-Hoc|iPhone
		{FE589C2B-8B58-4002-B689-96704D6E4AE1}.Ad-Hoc|ARM.ActiveCfg = Ad-Hoc|iPhone
		{FE589C2B-8B58-4002-B689-96704D6E4AE1}.Ad-Hoc|iPhone.ActiveCfg = Ad-Hoc|iPhone
		{FE589C2B-8B58-4002-B689-96704D6E4AE1}.Ad-Hoc|iPhone.Build.0 = Ad-Hoc|iPhone
		{FE589C2B-8B58-4002-B689-96704D6E4AE1}.Ad-Hoc|iPhoneSimulator.ActiveCfg = Ad-Hoc|iPhoneSimulator
		{FE589C2B-8B58-4002-B689-96704D6E4AE1}.Ad-Hoc|iPhoneSimulator.Build.0 = Ad-Hoc|iPhoneSimulator
		{FE589C2B-8B58-4002-B689-96704D6E4AE1}.Ad-Hoc|x64.ActiveCfg = Ad-Hoc|iPhone
		{FE589C2B-8B58-4002-B689-96704D6E4AE1}.Ad-Hoc|x86.ActiveCfg = Ad-Hoc|iPhone
		{FE589C2B-8B58-4002-B689-96704D6E4AE1}.AppStore|Any CPU.ActiveCfg = AppStore|iPhone
		{FE589C2B-8B58-4002-B689-96704D6E4AE1}.AppStore|ARM.ActiveCfg = AppStore|iPhone
		{FE589C2B-8B58-4002-B689-96704D6E4AE1}.AppStore|iPhone.ActiveCfg = AppStore|iPhone
		{FE589C2B-8B58-4002-B689-96704D6E4AE1}.AppStore|iPhone.Build.0 = AppStore|iPhone
		{FE589C2B-8B58-4002-B689-96704D6E4AE1}.AppStore|iPhoneSimulator.ActiveCfg = AppStore|iPhoneSimulator
		{FE589C2B-8B58-4002-B689-96704D6E4AE1}.AppStore|iPhoneSimulator.Build.0 = AppStore|iPhoneSimulator
		{FE589C2B-8B58-4002-B689-96704D6E4AE1}.AppStore|x64.ActiveCfg = AppStore|iPhone
		{FE589C2B-8B58-4002-B689-96704D6E4AE1}.AppStore|x86.ActiveCfg = AppStore|iPhone
		{FE589C2B-8B58-4002-B689-96704D6E4AE1}.Debug|Any CPU.ActiveCfg = Debug|iPhoneSimulator
		{FE589C2B-8B58-4002-B689-96704D6E4AE1}.Debug|ARM.ActiveCfg = Debug|iPhone
		{FE589C2B-8B58-4002-B689-96704D6E4AE1}.Debug|iPhone.ActiveCfg = Debug|iPhone
		{FE589C2B-8B58-4002-B689-96704D6E4AE1}.Debug|iPhone.Build.0 = Debug|iPhone
		{FE589C2B-8B58-4002-B689-96704D6E4AE1}.Debug|iPhoneSimulator.ActiveCfg = Debug|iPhoneSimulator
		{FE589C2B-8B58-4002-B689-96704D6E4AE1}.Debug|iPhoneSimulator.Build.0 = Debug|iPhoneSimulator
		{FE589C2B-8B58-4002-B689-96704D6E4AE1}.Debug|x64.ActiveCfg = Debug|iPhone
		{FE589C2B-8B58-4002-B689-96704D6E4AE1}.Debug|x86.ActiveCfg = Debug|iPhone
		{FE589C2B-8B58-4002-B689-96704D6E4AE1}.Release|Any CPU.ActiveCfg = Release|iPhone
		{FE589C2B-8B58-4002-B689-96704D6E4AE1}.Release|ARM.ActiveCfg = Release|iPhone
		{FE589C2B-8B58-4002-B689-96704D6E4AE1}.Release|iPhone.ActiveCfg = Release|iPhone
		{FE589C2B-8B58-4002-B689-96704D6E4AE1}.Release|iPhone.Build.0 = Release|iPhone
		{FE589C2B-8B58-4002-B689-96704D6E4AE1}.Release|iPhoneSimulator.ActiveCfg = Release|iPhoneSimulator
		{FE589C2B-8B58-4002-B689-96704D6E4AE1}.Release|iPhoneSimulator.Build.0 = Release|iPhoneSimulator
		{FE589C2B-8B58-4002-B689-96704D6E4AE1}.Release|x64.ActiveCfg = Release|iPhone
		{FE589C2B-8B58-4002-B689-96704D6E4AE1}.Release|x86.ActiveCfg = Release|iPhone
		{FE589C2B-8B58-4002-B689-96704D6E4AE1}.Debug|Any CPU.Build.0 = Debug|iPhoneSimulator
		{89B93CC3-A680-4567-87D2-946B0112A928}.Ad-Hoc|Any CPU.ActiveCfg = Release|Any CPU
		{89B93CC3-A680-4567-87D2-946B0112A928}.Ad-Hoc|Any CPU.Build.0 = Release|Any CPU
		{89B93CC3-A680-4567-87D2-946B0112A928}.Ad-Hoc|ARM.ActiveCfg = Release|Any CPU
		{89B93CC3-A680-4567-87D2-946B0112A928}.Ad-Hoc|ARM.Build.0 = Release|Any CPU
		{89B93CC3-A680-4567-87D2-946B0112A928}.Ad-Hoc|iPhone.ActiveCfg = Release|Any CPU
		{89B93CC3-A680-4567-87D2-946B0112A928}.Ad-Hoc|iPhone.Build.0 = Release|Any CPU
		{89B93CC3-A680-4567-87D2-946B0112A928}.Ad-Hoc|iPhoneSimulator.ActiveCfg = Release|Any CPU
		{89B93CC3-A680-4567-87D2-946B0112A928}.Ad-Hoc|iPhoneSimulator.Build.0 = Release|Any CPU
		{89B93CC3-A680-4567-87D2-946B0112A928}.Ad-Hoc|x64.ActiveCfg = Release|Any CPU
		{89B93CC3-A680-4567-87D2-946B0112A928}.Ad-Hoc|x64.Build.0 = Release|Any CPU
		{89B93CC3-A680-4567-87D2-946B0112A928}.Ad-Hoc|x86.ActiveCfg = Release|Any CPU
		{89B93CC3-A680-4567-87D2-946B0112A928}.Ad-Hoc|x86.Build.0 = Release|Any CPU
		{89B93CC3-A680-4567-87D2-946B0112A928}.AppStore|Any CPU.ActiveCfg = Release|Any CPU
		{89B93CC3-A680-4567-87D2-946B0112A928}.AppStore|Any CPU.Build.0 = Release|Any CPU
		{89B93CC3-A680-4567-87D2-946B0112A928}.AppStore|ARM.ActiveCfg = Release|Any CPU
		{89B93CC3-A680-4567-87D2-946B0112A928}.AppStore|ARM.Build.0 = Release|Any CPU
		{89B93CC3-A680-4567-87D2-946B0112A928}.AppStore|iPhone.ActiveCfg = Release|Any CPU
		{89B93CC3-A680-4567-87D2-946B0112A928}.AppStore|iPhone.Build.0 = Release|Any CPU
		{89B93CC3-A680-4567-87D2-946B0112A928}.AppStore|iPhoneSimulator.ActiveCfg = Release|Any CPU
		{89B93CC3-A680-4567-87D2-946B0112A928}.AppStore|iPhoneSimulator.Build.0 = Release|Any CPU
		{89B93CC3-A680-4567-87D2-946B0112A928}.AppStore|x64.ActiveCfg = Release|Any CPU
		{89B93CC3-A680-4567-87D2-946B0112A928}.AppStore|x64.Build.0 = Release|Any CPU
		{89B93CC3-A680-4567-87D2-946B0112A928}.AppStore|x86.ActiveCfg = Release|Any CPU
		{89B93CC3-A680-4567-87D2-946B0112A928}.AppStore|x86.Build.0 = Release|Any CPU
		{89B93CC3-A680-4567-87D2-946B0112A928}.Debug|Any CPU.ActiveCfg = Debug|Any CPU
		{89B93CC3-A680-4567-87D2-946B0112A928}.Debug|Any CPU.Build.0 = Debug|Any CPU
		{89B93CC3-A680-4567-87D2-946B0112A928}.Debug|ARM.ActiveCfg = Debug|Any CPU
		{89B93CC3-A680-4567-87D2-946B0112A928}.Debug|ARM.Build.0 = Debug|Any CPU
		{89B93CC3-A680-4567-87D2-946B0112A928}.Debug|iPhone.ActiveCfg = Debug|Any CPU
		{89B93CC3-A680-4567-87D2-946B0112A928}.Debug|iPhone.Build.0 = Debug|Any CPU
		{89B93CC3-A680-4567-87D2-946B0112A928}.Debug|iPhoneSimulator.ActiveCfg = Debug|Any CPU
		{89B93CC3-A680-4567-87D2-946B0112A928}.Debug|iPhoneSimulator.Build.0 = Debug|Any CPU
		{89B93CC3-A680-4567-87D2-946B0112A928}.Debug|x64.ActiveCfg = Debug|Any CPU
		{89B93CC3-A680-4567-87D2-946B0112A928}.Debug|x64.Build.0 = Debug|Any CPU
		{89B93CC3-A680-4567-87D2-946B0112A928}.Debug|x86.ActiveCfg = Debug|Any CPU
		{89B93CC3-A680-4567-87D2-946B0112A928}.Debug|x86.Build.0 = Debug|Any CPU
		{89B93CC3-A680-4567-87D2-946B0112A928}.Release|Any CPU.ActiveCfg = Release|Any CPU
		{89B93CC3-A680-4567-87D2-946B0112A928}.Release|Any CPU.Build.0 = Release|Any CPU
		{89B93CC3-A680-4567-87D2-946B0112A928}.Release|ARM.ActiveCfg = Release|Any CPU
		{89B93CC3-A680-4567-87D2-946B0112A928}.Release|ARM.Build.0 = Release|Any CPU
		{89B93CC3-A680-4567-87D2-946B0112A928}.Release|iPhone.ActiveCfg = Release|Any CPU
		{89B93CC3-A680-4567-87D2-946B0112A928}.Release|iPhone.Build.0 = Release|Any CPU
		{89B93CC3-A680-4567-87D2-946B0112A928}.Release|iPhoneSimulator.ActiveCfg = Release|Any CPU
		{89B93CC3-A680-4567-87D2-946B0112A928}.Release|iPhoneSimulator.Build.0 = Release|Any CPU
		{89B93CC3-A680-4567-87D2-946B0112A928}.Release|x64.ActiveCfg = Release|Any CPU
		{89B93CC3-A680-4567-87D2-946B0112A928}.Release|x64.Build.0 = Release|Any CPU
		{89B93CC3-A680-4567-87D2-946B0112A928}.Release|x86.ActiveCfg = Release|Any CPU
		{89B93CC3-A680-4567-87D2-946B0112A928}.Release|x86.Build.0 = Release|Any CPU
	EndGlobalSection
	GlobalSection(SolutionProperties) = preSolution
		HideSolutionNode = FALSE
	EndGlobalSection
	GlobalSection(MonoDevelopProperties) = preSolution
		Policies = $0
		$0.DotNetNamingPolicy = $1
		$1.DirectoryNamespaceAssociation = None
		$1.ResourceNamePolicy = FileName
		$0.TextStylePolicy = $2
		$2.inheritsSet = VisualStudio
		$2.inheritsScope = text/plain
		$2.scope = text/x-csharp
		$0.CSharpFormattingPolicy = $3
		$3.IndentSwitchSection = True
		$3.NewLinesForBracesInProperties = True
		$3.NewLinesForBracesInAccessors = True
		$3.NewLinesForBracesInAnonymousMethods = True
		$3.NewLinesForBracesInControlBlocks = True
		$3.NewLinesForBracesInAnonymousTypes = True
		$3.NewLinesForBracesInObjectCollectionArrayInitializers = True
		$3.NewLinesForBracesInLambdaExpressionBody = True
		$3.NewLineForElse = True
		$3.NewLineForCatch = True
		$3.NewLineForFinally = True
		$3.NewLineForMembersInObjectInit = True
		$3.NewLineForMembersInAnonymousTypes = True
		$3.NewLineForClausesInQuery = True
		$3.SpacingAfterMethodDeclarationName = False
		$3.SpaceAfterMethodCallName = False
		$3.SpaceBeforeOpenSquareBracket = False
		$3.inheritsSet = Mono
		$3.inheritsScope = text/x-csharp
		$3.scope = text/x-csharp
		$0.NameConventionPolicy = $4
		$4.Rules = $5
		$5.NamingRule = $6
		$6.Name = Type Parameters
		$6.AffectedEntity = TypeParameter
		$6.VisibilityMask = VisibilityMask
		$6.NamingStyle = PascalCase
		$6.IncludeInstanceMembers = True
		$6.IncludeStaticEntities = True
		$6.RequiredPrefixes = $27
		$27.String = T
		$6.RequiredSuffixes = $28
		$28.String = Exception
		$5.NamingRule = $7
		$7.Name = Types
		$7.AffectedEntity = Class, Struct, Enum, Delegate
		$7.VisibilityMask = Public
		$7.NamingStyle = PascalCase
		$7.IncludeInstanceMembers = True
		$7.IncludeStaticEntities = True
		$5.NamingRule = $8
		$8.Name = Interfaces
		$8.RequiredPrefixes = $9
		$9.String = I
		$8.AffectedEntity = Interface
		$8.VisibilityMask = Public
		$8.NamingStyle = PascalCase
		$8.IncludeInstanceMembers = True
		$8.IncludeStaticEntities = True
		$5.NamingRule = $10
		$10.Name = Attributes
		$10.RequiredSuffixes = $11
		$11.String = Attribute
		$10.AffectedEntity = CustomAttributes
		$10.VisibilityMask = Public
		$10.NamingStyle = PascalCase
		$10.IncludeInstanceMembers = True
		$10.IncludeStaticEntities = True
		$5.NamingRule = $12
		$12.Name = Event Arguments
		$12.RequiredSuffixes = $13
		$13.String = EventArgs
		$12.AffectedEntity = CustomEventArgs
		$12.VisibilityMask = Public
		$12.NamingStyle = PascalCase
		$12.IncludeInstanceMembers = True
		$12.IncludeStaticEntities = True
		$5.NamingRule = $14
		$14.Name = Exceptions
		$14.RequiredSuffixes = $15
		$15.String = Exception
		$14.AffectedEntity = CustomExceptions
		$14.VisibilityMask = VisibilityMask
		$14.NamingStyle = PascalCase
		$14.IncludeInstanceMembers = True
		$14.IncludeStaticEntities = True
		$5.NamingRule = $16
		$16.Name = Methods
		$16.AffectedEntity = Methods
		$16.VisibilityMask = Protected, Public
		$16.NamingStyle = PascalCase
		$16.IncludeInstanceMembers = True
		$16.IncludeStaticEntities = True
		$5.NamingRule = $17
		$17.Name = Static Readonly Fields
		$17.AffectedEntity = ReadonlyField
		$17.VisibilityMask = Protected, Public
		$17.NamingStyle = PascalCase
		$17.IncludeInstanceMembers = False
		$17.IncludeStaticEntities = True
		$5.NamingRule = $18
		$18.Name = Fields
		$18.AffectedEntity = Field
		$18.VisibilityMask = Protected, Public
		$18.NamingStyle = PascalCase
		$18.IncludeInstanceMembers = True
		$18.IncludeStaticEntities = True
		$5.NamingRule = $19
		$19.Name = ReadOnly Fields
		$19.AffectedEntity = ReadonlyField
		$19.VisibilityMask = Protected, Public
		$19.NamingStyle = PascalCase
		$19.IncludeInstanceMembers = True
		$19.IncludeStaticEntities = False
		$5.NamingRule = $20
		$20.Name = Constant Fields
		$20.AffectedEntity = ConstantField
		$20.VisibilityMask = Protected, Public
		$20.NamingStyle = PascalCase
		$20.IncludeInstanceMembers = True
		$20.IncludeStaticEntities = True
		$5.NamingRule = $21
		$21.Name = Properties
		$21.AffectedEntity = Property
		$21.VisibilityMask = Protected, Public
		$21.NamingStyle = PascalCase
		$21.IncludeInstanceMembers = True
		$21.IncludeStaticEntities = True
		$5.NamingRule = $22
		$22.Name = Events
		$22.AffectedEntity = Event
		$22.VisibilityMask = Protected, Public
		$22.NamingStyle = PascalCase
		$22.IncludeInstanceMembers = True
		$22.IncludeStaticEntities = True
		$5.NamingRule = $23
		$23.Name = Enum Members
		$23.AffectedEntity = EnumMember
		$23.VisibilityMask = VisibilityMask
		$23.NamingStyle = PascalCase
		$23.IncludeInstanceMembers = True
		$23.IncludeStaticEntities = True
		$5.NamingRule = $24
		$24.Name = Parameters
		$24.AffectedEntity = Parameter
		$24.VisibilityMask = VisibilityMask
		$24.NamingStyle = CamelCase
		$24.IncludeInstanceMembers = True
		$24.IncludeStaticEntities = True
		$5.NamingRule = $25
		$25.Name = Type Parameters
		$25.RequiredPrefixes = $26
		$26.String = T
		$25.AffectedEntity = TypeParameter
		$25.VisibilityMask = VisibilityMask
		$25.NamingStyle = PascalCase
		$25.IncludeInstanceMembers = True
		$25.IncludeStaticEntities = True
	EndGlobalSection
EndGlobal
